// !$*UTF8*$!
{
	archiveVersion = 1;
	classes = {
	};
	objectVersion = 56;
	objects = {

/* Begin PBXBuildFile section */
		DA48A6472C61A73E007019C0 /* SnapKit in Frameworks */ = {isa = PBXBuildFile; productRef = DA48A6462C61A73E007019C0 /* SnapKit */; };
		DA48A6492C61A73E007019C0 /* SnapKit-Dynamic in Frameworks */ = {isa = PBXBuildFile; productRef = DA48A6482C61A73E007019C0 /* SnapKit-Dynamic */; };
		DA48A6742C641266007019C0 /* ModalViewController.swift in Sources */ = {isa = PBXBuildFile; fileRef = DA48A6732C641266007019C0 /* ModalViewController.swift */; };
		DA48A6772C641BD1007019C0 /* Book+CoreDataClass.swift in Sources */ = {isa = PBXBuildFile; fileRef = DA48A6752C641BD1007019C0 /* Book+CoreDataClass.swift */; };
		DA48A6782C641BD1007019C0 /* Book+CoreDataProperties.swift in Sources */ = {isa = PBXBuildFile; fileRef = DA48A6762C641BD1007019C0 /* Book+CoreDataProperties.swift */; };
		DA48A6812C65876E007019C0 /* BookCollectionCell.swift in Sources */ = {isa = PBXBuildFile; fileRef = DA48A6802C65876E007019C0 /* BookCollectionCell.swift */; };
		DA48A6832C65877D007019C0 /* BookTableCell.swift in Sources */ = {isa = PBXBuildFile; fileRef = DA48A6822C65877D007019C0 /* BookTableCell.swift */; };
		DA48A6852C6587D2007019C0 /* NetworkManager.swift in Sources */ = {isa = PBXBuildFile; fileRef = DA48A6842C6587D2007019C0 /* NetworkManager.swift */; };
		DAB217A22C5CCB7100FE8627 /* AppDelegate.swift in Sources */ = {isa = PBXBuildFile; fileRef = DAB217A12C5CCB7100FE8627 /* AppDelegate.swift */; };
		DAB217A42C5CCB7100FE8627 /* SceneDelegate.swift in Sources */ = {isa = PBXBuildFile; fileRef = DAB217A32C5CCB7100FE8627 /* SceneDelegate.swift */; };
		DAB217A62C5CCB7100FE8627 /* MainViewcontroller.swift in Sources */ = {isa = PBXBuildFile; fileRef = DAB217A52C5CCB7100FE8627 /* MainViewcontroller.swift */; };
		DAB217AC2C5CCB7100FE8627 /* ADVANCEDBook.xcdatamodeld in Sources */ = {isa = PBXBuildFile; fileRef = DAB217AA2C5CCB7100FE8627 /* ADVANCEDBook.xcdatamodeld */; };
		DAB217AE2C5CCB7400FE8627 /* Assets.xcassets in Resources */ = {isa = PBXBuildFile; fileRef = DAB217AD2C5CCB7400FE8627 /* Assets.xcassets */; };
		DAB217B12C5CCB7400FE8627 /* Base in Resources */ = {isa = PBXBuildFile; fileRef = DAB217B02C5CCB7400FE8627 /* Base */; };
		DAB217B92C5CE42F00FE8627 /* AddBookViewController.swift in Sources */ = {isa = PBXBuildFile; fileRef = DAB217B82C5CE42F00FE8627 /* AddBookViewController.swift */; };
		DAB217BF2C5EA52A00FE8627 /* MainTabBarcontroller.swift in Sources */ = {isa = PBXBuildFile; fileRef = DAB217BE2C5EA52A00FE8627 /* MainTabBarcontroller.swift */; };
/* End PBXBuildFile section */

/* Begin PBXFileReference section */
		DA48A6732C641266007019C0 /* ModalViewController.swift */ = {isa = PBXFileReference; lastKnownFileType = sourcecode.swift; path = ModalViewController.swift; sourceTree = "<group>"; };
		DA48A6752C641BD1007019C0 /* Book+CoreDataClass.swift */ = {isa = PBXFileReference; lastKnownFileType = sourcecode.swift; path = "Book+CoreDataClass.swift"; sourceTree = "<group>"; };
		DA48A6762C641BD1007019C0 /* Book+CoreDataProperties.swift */ = {isa = PBXFileReference; lastKnownFileType = sourcecode.swift; path = "Book+CoreDataProperties.swift"; sourceTree = "<group>"; };
		DA48A6802C65876E007019C0 /* BookCollectionCell.swift */ = {isa = PBXFileReference; lastKnownFileType = sourcecode.swift; path = BookCollectionCell.swift; sourceTree = "<group>"; };
		DA48A6822C65877D007019C0 /* BookTableCell.swift */ = {isa = PBXFileReference; lastKnownFileType = sourcecode.swift; path = BookTableCell.swift; sourceTree = "<group>"; };
		DA48A6842C6587D2007019C0 /* NetworkManager.swift */ = {isa = PBXFileReference; lastKnownFileType = sourcecode.swift; path = NetworkManager.swift; sourceTree = "<group>"; };
		DAB2179E2C5CCB7100FE8627 /* ADVANCEDBook.app */ = {isa = PBXFileReference; explicitFileType = wrapper.application; includeInIndex = 0; path = ADVANCEDBook.app; sourceTree = BUILT_PRODUCTS_DIR; };
		DAB217A12C5CCB7100FE8627 /* AppDelegate.swift */ = {isa = PBXFileReference; lastKnownFileType = sourcecode.swift; path = AppDelegate.swift; sourceTree = "<group>"; };
		DAB217A32C5CCB7100FE8627 /* SceneDelegate.swift */ = {isa = PBXFileReference; lastKnownFileType = sourcecode.swift; path = SceneDelegate.swift; sourceTree = "<group>"; };
		DAB217A52C5CCB7100FE8627 /* MainViewcontroller.swift */ = {isa = PBXFileReference; lastKnownFileType = sourcecode.swift; path = MainViewcontroller.swift; sourceTree = "<group>"; };
		DAB217AB2C5CCB7100FE8627 /* ADVANCEDBook.xcdatamodel */ = {isa = PBXFileReference; lastKnownFileType = wrapper.xcdatamodel; path = ADVANCEDBook.xcdatamodel; sourceTree = "<group>"; };
		DAB217AD2C5CCB7400FE8627 /* Assets.xcassets */ = {isa = PBXFileReference; lastKnownFileType = folder.assetcatalog; path = Assets.xcassets; sourceTree = "<group>"; };
		DAB217B02C5CCB7400FE8627 /* Base */ = {isa = PBXFileReference; lastKnownFileType = file.storyboard; name = Base; path = Base.lproj/LaunchScreen.storyboard; sourceTree = "<group>"; };
		DAB217B22C5CCB7400FE8627 /* Info.plist */ = {isa = PBXFileReference; lastKnownFileType = text.plist.xml; path = Info.plist; sourceTree = "<group>"; };
		DAB217B82C5CE42F00FE8627 /* AddBookViewController.swift */ = {isa = PBXFileReference; lastKnownFileType = sourcecode.swift; path = AddBookViewController.swift; sourceTree = "<group>"; };
		DAB217BE2C5EA52A00FE8627 /* MainTabBarcontroller.swift */ = {isa = PBXFileReference; lastKnownFileType = sourcecode.swift; path = MainTabBarcontroller.swift; sourceTree = "<group>"; };
/* End PBXFileReference section */

/* Begin PBXFrameworksBuildPhase section */
		DAB2179B2C5CCB7100FE8627 /* Frameworks */ = {
			isa = PBXFrameworksBuildPhase;
			buildActionMask = 2147483647;
			files = (
				DA48A6472C61A73E007019C0 /* SnapKit in Frameworks */,
				DA48A6492C61A73E007019C0 /* SnapKit-Dynamic in Frameworks */,
			);
			runOnlyForDeploymentPostprocessing = 0;
		};
/* End PBXFrameworksBuildPhase section */

/* Begin PBXGroup section */
		DA48A67F2C658758007019C0 /* New Group */ = {
			isa = PBXGroup;
			children = (
				DA48A6802C65876E007019C0 /* BookCollectionCell.swift */,
				DA48A6822C65877D007019C0 /* BookTableCell.swift */,
				DA48A6842C6587D2007019C0 /* NetworkManager.swift */,
			);
			path = "New Group";
			sourceTree = "<group>";
		};
		DAB217952C5CCB7100FE8627 = {
			isa = PBXGroup;
			children = (
				DA48A6752C641BD1007019C0 /* Book+CoreDataClass.swift */,
				DA48A6762C641BD1007019C0 /* Book+CoreDataProperties.swift */,
				DAB217A02C5CCB7100FE8627 /* ADVANCEDBook */,
				DAB2179F2C5CCB7100FE8627 /* Products */,
			);
			sourceTree = "<group>";
		};
		DAB2179F2C5CCB7100FE8627 /* Products */ = {
			isa = PBXGroup;
			children = (
				DAB2179E2C5CCB7100FE8627 /* ADVANCEDBook.app */,
			);
			name = Products;
			sourceTree = "<group>";
		};
		DAB217A02C5CCB7100FE8627 /* ADVANCEDBook */ = {
			isa = PBXGroup;
			children = (
				DAB217A12C5CCB7100FE8627 /* AppDelegate.swift */,
				DAB217A32C5CCB7100FE8627 /* SceneDelegate.swift */,
				DAB217A52C5CCB7100FE8627 /* MainViewcontroller.swift */,
				DAB217B82C5CE42F00FE8627 /* AddBookViewController.swift */,
				DAB217BE2C5EA52A00FE8627 /* MainTabBarcontroller.swift */,
				DA48A6732C641266007019C0 /* ModalViewController.swift */,
				DA48A67F2C658758007019C0 /* New Group */,
				DAB217AD2C5CCB7400FE8627 /* Assets.xcassets */,
				DAB217AF2C5CCB7400FE8627 /* LaunchScreen.storyboard */,
				DAB217B22C5CCB7400FE8627 /* Info.plist */,
				DAB217AA2C5CCB7100FE8627 /* ADVANCEDBook.xcdatamodeld */,
			);
			path = ADVANCEDBook;
			sourceTree = "<group>";
		};
/* End PBXGroup section */

/* Begin PBXNativeTarget section */
		DAB2179D2C5CCB7100FE8627 /* ADVANCEDBook */ = {
			isa = PBXNativeTarget;
			buildConfigurationList = DAB217B52C5CCB7400FE8627 /* Build configuration list for PBXNativeTarget "ADVANCEDBook" */;
			buildPhases = (
				DAB2179A2C5CCB7100FE8627 /* Sources */,
				DAB2179B2C5CCB7100FE8627 /* Frameworks */,
				DAB2179C2C5CCB7100FE8627 /* Resources */,
			);
			buildRules = (
			);
			dependencies = (
			);
			name = ADVANCEDBook;
			packageProductDependencies = (
				DA48A6462C61A73E007019C0 /* SnapKit */,
				DA48A6482C61A73E007019C0 /* SnapKit-Dynamic */,
			);
			productName = ADVANCEDBook;
			productReference = DAB2179E2C5CCB7100FE8627 /* ADVANCEDBook.app */;
			productType = "com.apple.product-type.application";
		};
/* End PBXNativeTarget section */

/* Begin PBXProject section */
		DAB217962C5CCB7100FE8627 /* Project object */ = {
			isa = PBXProject;
			attributes = {
				BuildIndependentTargetsInParallel = 1;
				LastSwiftUpdateCheck = 1530;
				LastUpgradeCheck = 1530;
				TargetAttributes = {
					DAB2179D2C5CCB7100FE8627 = {
						CreatedOnToolsVersion = 15.3;
					};
				};
			};
			buildConfigurationList = DAB217992C5CCB7100FE8627 /* Build configuration list for PBXProject "ADVANCEDBook" */;
			compatibilityVersion = "Xcode 14.0";
			developmentRegion = en;
			hasScannedForEncodings = 0;
			knownRegions = (
				en,
				Base,
			);
			mainGroup = DAB217952C5CCB7100FE8627;
			packageReferences = (
				DA48A6452C61A73E007019C0 /* XCRemoteSwiftPackageReference "SnapKit" */,
			);
			productRefGroup = DAB2179F2C5CCB7100FE8627 /* Products */;
			projectDirPath = "";
			projectRoot = "";
			targets = (
				DAB2179D2C5CCB7100FE8627 /* ADVANCEDBook */,
			);
		};
/* End PBXProject section */

/* Begin PBXResourcesBuildPhase section */
		DAB2179C2C5CCB7100FE8627 /* Resources */ = {
			isa = PBXResourcesBuildPhase;
			buildActionMask = 2147483647;
			files = (
				DAB217AE2C5CCB7400FE8627 /* Assets.xcassets in Resources */,
				DAB217B12C5CCB7400FE8627 /* Base in Resources */,
			);
			runOnlyForDeploymentPostprocessing = 0;
		};
/* End PBXResourcesBuildPhase section */

/* Begin PBXSourcesBuildPhase section */
		DAB2179A2C5CCB7100FE8627 /* Sources */ = {
			isa = PBXSourcesBuildPhase;
			buildActionMask = 2147483647;
			files = (
				DA48A6852C6587D2007019C0 /* NetworkManager.swift in Sources */,
				DA48A6772C641BD1007019C0 /* Book+CoreDataClass.swift in Sources */,
				DA48A6782C641BD1007019C0 /* Book+CoreDataProperties.swift in Sources */,
				DA48A6812C65876E007019C0 /* BookCollectionCell.swift in Sources */,
				DAB217A62C5CCB7100FE8627 /* MainViewcontroller.swift in Sources */,
				DAB217A22C5CCB7100FE8627 /* AppDelegate.swift in Sources */,
				DAB217BF2C5EA52A00FE8627 /* MainTabBarcontroller.swift in Sources */,
				DAB217AC2C5CCB7100FE8627 /* ADVANCEDBook.xcdatamodeld in Sources */,
				DA48A6742C641266007019C0 /* ModalViewController.swift in Sources */,
				DAB217A42C5CCB7100FE8627 /* SceneDelegate.swift in Sources */,
				DA48A6832C65877D007019C0 /* BookTableCell.swift in Sources */,
				DAB217B92C5CE42F00FE8627 /* AddBookViewController.swift in Sources */,
			);
			runOnlyForDeploymentPostprocessing = 0;
		};
/* End PBXSourcesBuildPhase section */

/* Begin PBXVariantGroup section */
		DAB217AF2C5CCB7400FE8627 /* LaunchScreen.storyboard */ = {
			isa = PBXVariantGroup;
			children = (
				DAB217B02C5CCB7400FE8627 /* Base */,
			);
			name = LaunchScreen.storyboard;
			sourceTree = "<group>";
		};
/* End PBXVariantGroup section */

/* Begin XCBuildConfiguration section */
		DAB217B32C5CCB7400FE8627 /* Debug */ = {
			isa = XCBuildConfiguration;
			buildSettings = {
				ALWAYS_SEARCH_USER_PATHS = NO;
				ASSETCATALOG_COMPILER_GENERATE_SWIFT_ASSET_SYMBOL_EXTENSIONS = YES;
				CLANG_ANALYZER_NONNULL = YES;
				CLANG_ANALYZER_NUMBER_OBJECT_CONVERSION = YES_AGGRESSIVE;
				CLANG_CXX_LANGUAGE_STANDARD = "gnu++20";
				CLANG_ENABLE_MODULES = YES;
				CLANG_ENABLE_OBJC_ARC = YES;
				CLANG_ENABLE_OBJC_WEAK = YES;
				CLANG_WARN_BLOCK_CAPTURE_AUTORELEASING = YES;
				CLANG_WARN_BOOL_CONVERSION = YES;
				CLANG_WARN_COMMA = YES;
				CLANG_WARN_CONSTANT_CONVERSION = YES;
				CLANG_WARN_DEPRECATED_OBJC_IMPLEMENTATIONS = YES;
				CLANG_WARN_DIRECT_OBJC_ISA_USAGE = YES_ERROR;
				CLANG_WARN_DOCUMENTATION_COMMENTS = YES;
				CLANG_WARN_EMPTY_BODY = YES;
				CLANG_WARN_ENUM_CONVERSION = YES;
				CLANG_WARN_INFINITE_RECURSION = YES;
				CLANG_WARN_INT_CONVERSION = YES;
				CLANG_WARN_NON_LITERAL_NULL_CONVERSION = YES;
				CLANG_WARN_OBJC_IMPLICIT_RETAIN_SELF = YES;
				CLANG_WARN_OBJC_LITERAL_CONVERSION = YES;
				CLANG_WARN_OBJC_ROOT_CLASS = YES_ERROR;
				CLANG_WARN_QUOTED_INCLUDE_IN_FRAMEWORK_HEADER = YES;
				CLANG_WARN_RANGE_LOOP_ANALYSIS = YES;
				CLANG_WARN_STRICT_PROTOTYPES = YES;
				CLANG_WARN_SUSPICIOUS_MOVE = YES;
				CLANG_WARN_UNGUARDED_AVAILABILITY = YES_AGGRESSIVE;
				CLANG_WARN_UNREACHABLE_CODE = YES;
				CLANG_WARN__DUPLICATE_METHOD_MATCH = YES;
				COPY_PHASE_STRIP = NO;
				DEBUG_INFORMATION_FORMAT = dwarf;
				ENABLE_STRICT_OBJC_MSGSEND = YES;
				ENABLE_TESTABILITY = YES;
				ENABLE_USER_SCRIPT_SANDBOXING = YES;
				GCC_C_LANGUAGE_STANDARD = gnu17;
				GCC_DYNAMIC_NO_PIC = NO;
				GCC_NO_COMMON_BLOCKS = YES;
				GCC_OPTIMIZATION_LEVEL = 0;
				GCC_PREPROCESSOR_DEFINITIONS = (
					"DEBUG=1",
					"$(inherited)",
				);
				GCC_WARN_64_TO_32_BIT_CONVERSION = YES;
				GCC_WARN_ABOUT_RETURN_TYPE = YES_ERROR;
				GCC_WARN_UNDECLARED_SELECTOR = YES;
				GCC_WARN_UNINITIALIZED_AUTOS = YES_AGGRESSIVE;
				GCC_WARN_UNUSED_FUNCTION = YES;
				GCC_WARN_UNUSED_VARIABLE = YES;
				IPHONEOS_DEPLOYMENT_TARGET = 17.4;
				LOCALIZATION_PREFERS_STRING_CATALOGS = YES;
				MTL_ENABLE_DEBUG_INFO = INCLUDE_SOURCE;
				MTL_FAST_MATH = YES;
				ONLY_ACTIVE_ARCH = YES;
				SDKROOT = iphoneos;
				SWIFT_ACTIVE_COMPILATION_CONDITIONS = "DEBUG $(inherited)";
				SWIFT_OPTIMIZATION_LEVEL = "-Onone";
			};
			name = Debug;
		};
		DAB217B42C5CCB7400FE8627 /* Release */ = {
			isa = XCBuildConfiguration;
			buildSettings = {
				ALWAYS_SEARCH_USER_PATHS = NO;
				ASSETCATALOG_COMPILER_GENERATE_SWIFT_ASSET_SYMBOL_EXTENSIONS = YES;
				CLANG_ANALYZER_NONNULL = YES;
				CLANG_ANALYZER_NUMBER_OBJECT_CONVERSION = YES_AGGRESSIVE;
				CLANG_CXX_LANGUAGE_STANDARD = "gnu++20";
				CLANG_ENABLE_MODULES = YES;
				CLANG_ENABLE_OBJC_ARC = YES;
				CLANG_ENABLE_OBJC_WEAK = YES;
				CLANG_WARN_BLOCK_CAPTURE_AUTORELEASING = YES;
				CLANG_WARN_BOOL_CONVERSION = YES;
				CLANG_WARN_COMMA = YES;
				CLANG_WARN_CONSTANT_CONVERSION = YES;
				CLANG_WARN_DEPRECATED_OBJC_IMPLEMENTATIONS = YES;
				CLANG_WARN_DIRECT_OBJC_ISA_USAGE = YES_ERROR;
				CLANG_WARN_DOCUMENTATION_COMMENTS = YES;
				CLANG_WARN_EMPTY_BODY = YES;
				CLANG_WARN_ENUM_CONVERSION = YES;
				CLANG_WARN_INFINITE_RECURSION = YES;
				CLANG_WARN_INT_CONVERSION = YES;
				CLANG_WARN_NON_LITERAL_NULL_CONVERSION = YES;
				CLANG_WARN_OBJC_IMPLICIT_RETAIN_SELF = YES;
				CLANG_WARN_OBJC_LITERAL_CONVERSION = YES;
				CLANG_WARN_OBJC_ROOT_CLASS = YES_ERROR;
				CLANG_WARN_QUOTED_INCLUDE_IN_FRAMEWORK_HEADER = YES;
				CLANG_WARN_RANGE_LOOP_ANALYSIS = YES;
				CLANG_WARN_STRICT_PROTOTYPES = YES;
				CLANG_WARN_SUSPICIOUS_MOVE = YES;
				CLANG_WARN_UNGUARDED_AVAILABILITY = YES_AGGRESSIVE;
				CLANG_WARN_UNREACHABLE_CODE = YES;
				CLANG_WARN__DUPLICATE_METHOD_MATCH = YES;
				COPY_PHASE_STRIP = NO;
				DEBUG_INFORMATION_FORMAT = "dwarf-with-dsym";
				ENABLE_NS_ASSERTIONS = NO;
				ENABLE_STRICT_OBJC_MSGSEND = YES;
				ENABLE_USER_SCRIPT_SANDBOXING = YES;
				GCC_C_LANGUAGE_STANDARD = gnu17;
				GCC_NO_COMMON_BLOCKS = YES;
				GCC_WARN_64_TO_32_BIT_CONVERSION = YES;
				GCC_WARN_ABOUT_RETURN_TYPE = YES_ERROR;
				GCC_WARN_UNDECLARED_SELECTOR = YES;
				GCC_WARN_UNINITIALIZED_AUTOS = YES_AGGRESSIVE;
				GCC_WARN_UNUSED_FUNCTION = YES;
				GCC_WARN_UNUSED_VARIABLE = YES;
				IPHONEOS_DEPLOYMENT_TARGET = 17.4;
				LOCALIZATION_PREFERS_STRING_CATALOGS = YES;
				MTL_ENABLE_DEBUG_INFO = NO;
				MTL_FAST_MATH = YES;
				SDKROOT = iphoneos;
				SWIFT_COMPILATION_MODE = wholemodule;
				VALIDATE_PRODUCT = YES;
			};
			name = Release;
		};
		DAB217B62C5CCB7400FE8627 /* Debug */ = {
			isa = XCBuildConfiguration;
			buildSettings = {
				ASSETCATALOG_COMPILER_APPICON_NAME = AppIcon;
				ASSETCATALOG_COMPILER_GLOBAL_ACCENT_COLOR_NAME = AccentColor;
				CODE_SIGN_STYLE = Automatic;
				CURRENT_PROJECT_VERSION = 1;
				DEVELOPMENT_TEAM = XC3G8Y5B3W;
				GENERATE_INFOPLIST_FILE = YES;
				INFOPLIST_FILE = ADVANCEDBook/Info.plist;
				INFOPLIST_KEY_UIApplicationSupportsIndirectInputEvents = YES;
				INFOPLIST_KEY_UILaunchStoryboardName = LaunchScreen;
				INFOPLIST_KEY_UISupportedInterfaceOrientations_iPad = "UIInterfaceOrientationPortrait UIInterfaceOrientationPortraitUpsideDown UIInterfaceOrientationLandscapeLeft UIInterfaceOrientationLandscapeRight";
				INFOPLIST_KEY_UISupportedInterfaceOrientations_iPhone = "UIInterfaceOrientationPortrait UIInterfaceOrientationLandscapeLeft UIInterfaceOrientationLandscapeRight";
				LD_RUNPATH_SEARCH_PATHS = (
					"$(inherited)",
					"@executable_path/Frameworks",
				);
				MARKETING_VERSION = 1.0;
				PRODUCT_BUNDLE_IDENTIFIER = com.Kyu.ADVANCEDBook;
				PRODUCT_NAME = "$(TARGET_NAME)";
				SWIFT_EMIT_LOC_STRINGS = YES;
				SWIFT_VERSION = 5.0;
				TARGETED_DEVICE_FAMILY = "1,2";
			};
			name = Debug;
		};
		DAB217B72C5CCB7400FE8627 /* Release */ = {
			isa = XCBuildConfiguration;
			buildSettings = {
				ASSETCATALOG_COMPILER_APPICON_NAME = AppIcon;
				ASSETCATALOG_COMPILER_GLOBAL_ACCENT_COLOR_NAME = AccentColor;
				CODE_SIGN_STYLE = Automatic;
				CURRENT_PROJECT_VERSION = 1;
				DEVELOPMENT_TEAM = XC3G8Y5B3W;
				GENERATE_INFOPLIST_FILE = YES;
				INFOPLIST_FILE = ADVANCEDBook/Info.plist;
				INFOPLIST_KEY_UIApplicationSupportsIndirectInputEvents = YES;
				INFOPLIST_KEY_UILaunchStoryboardName = LaunchScreen;
				INFOPLIST_KEY_UISupportedInterfaceOrientations_iPad = "UIInterfaceOrientationPortrait UIInterfaceOrientationPortraitUpsideDown UIInterfaceOrientationLandscapeLeft UIInterfaceOrientationLandscapeRight";
				INFOPLIST_KEY_UISupportedInterfaceOrientations_iPhone = "UIInterfaceOrientationPortrait UIInterfaceOrientationLandscapeLeft UIInterfaceOrientationLandscapeRight";
				LD_RUNPATH_SEARCH_PATHS = (
					"$(inherited)",
					"@executable_path/Frameworks",
				);
				MARKETING_VERSION = 1.0;
				PRODUCT_BUNDLE_IDENTIFIER = com.Kyu.ADVANCEDBook;
				PRODUCT_NAME = "$(TARGET_NAME)";
				SWIFT_EMIT_LOC_STRINGS = YES;
				SWIFT_VERSION = 5.0;
				TARGETED_DEVICE_FAMILY = "1,2";
			};
			name = Release;
		};
/* End XCBuildConfiguration section */

/* Begin XCConfigurationList section */
		DAB217992C5CCB7100FE8627 /* Build configuration list for PBXProject "ADVANCEDBook" */ = {
			isa = XCConfigurationList;
			buildConfigurations = (
				DAB217B32C5CCB7400FE8627 /* Debug */,
				DAB217B42C5CCB7400FE8627 /* Release */,
			);
			defaultConfigurationIsVisible = 0;
			defaultConfigurationName = Release;
		};
		DAB217B52C5CCB7400FE8627 /* Build configuration list for PBXNativeTarget "ADVANCEDBook" */ = {
			isa = XCConfigurationList;
			buildConfigurations = (
				DAB217B62C5CCB7400FE8627 /* Debug */,
				DAB217B72C5CCB7400FE8627 /* Release */,
			);
			defaultConfigurationIsVisible = 0;
			defaultConfigurationName = Release;
		};
/* End XCConfigurationList section */

/* Begin XCRemoteSwiftPackageReference section */
		DA48A6452C61A73E007019C0 /* XCRemoteSwiftPackageReference "SnapKit" */ = {
			isa = XCRemoteSwiftPackageReference;
			repositoryURL = "https://github.com/SnapKit/SnapKit.git";
			requirement = {
				kind = upToNextMajorVersion;
				minimumVersion = 5.7.1;
			};
		};
/* End XCRemoteSwiftPackageReference section */

/* Begin XCSwiftPackageProductDependency section */
		DA48A6462C61A73E007019C0 /* SnapKit */ = {
			isa = XCSwiftPackageProductDependency;
			package = DA48A6452C61A73E007019C0 /* XCRemoteSwiftPackageReference "SnapKit" */;
			productName = SnapKit;
		};
		DA48A6482C61A73E007019C0 /* SnapKit-Dynamic */ = {
			isa = XCSwiftPackageProductDependency;
			package = DA48A6452C61A73E007019C0 /* XCRemoteSwiftPackageReference "SnapKit" */;
			productName = "SnapKit-Dynamic";
		};
/* End XCSwiftPackageProductDependency section */

/* Begin XCVersionGroup section */
		DAB217AA2C5CCB7100FE8627 /* ADVANCEDBook.xcdatamodeld */ = {
			isa = XCVersionGroup;
			children = (
				DAB217AB2C5CCB7100FE8627 /* ADVANCEDBook.xcdatamodel */,
			);
			currentVersion = DAB217AB2C5CCB7100FE8627 /* ADVANCEDBook.xcdatamodel */;
			path = ADVANCEDBook.xcdatamodeld;
			sourceTree = "<group>";
			versionGroupType = wrapper.xcdatamodel;
		};
/* End XCVersionGroup section */
	};
	rootObject = DAB217962C5CCB7100FE8627 /* Project object */;
}
